PODS:
  - AFNetworking (4.0.1):
    - AFNetworking/NSURLSession (= 4.0.1)
    - AFNetworking/Reachability (= 4.0.1)
    - AFNetworking/Security (= 4.0.1)
    - AFNetworking/Serialization (= 4.0.1)
    - AFNetworking/UIKit (= 4.0.1)
  - AFNetworking/NSURLSession (4.0.1):
    - AFNetworking/Reachability
    - AFNetworking/Security
    - AFNetworking/Serialization
  - AFNetworking/Reachability (4.0.1)
  - AFNetworking/Security (4.0.1)
  - AFNetworking/Serialization (4.0.1)
  - AFNetworking/UIKit (4.0.1):
    - AFNetworking/NSURLSession
  - CocoaLumberjack (3.7.4):
    - CocoaLumberjack/Core (= 3.7.4)
  - CocoaLumberjack/Core (3.7.4)
  - FileMD5Hash (2.0.0)
  - FLAnimatedImage (1.0.16)
  - GCDWebServer (3.5.4):
    - GCDWebServer/Core (= 3.5.4)
  - GCDWebServer/Core (3.5.4)
  - GKPhotoBrowser (2.4.1):
    - GKPhotoBrowser/SD (= 2.4.1)
  - GKPhotoBrowser/Core (2.4.1)
  - GKPhotoBrowser/SD (2.4.1):
    - GKPhotoBrowser/Core
    - SDWebImage (~> 5.0)
  - IQKeyboardManager (6.5.10)
  - ISO8601 (0.6.0)
  - JSONModel (1.8.0)
  - lottie-ios (2.5.3)
  - Masonry (1.1.0)
  - MJExtension (3.0.17)
  - OpenSSL-Universal (1.1.1500)
  - Reachability (3.2)
  - SAMKeychain (1.5.3)
  - SDCycleScrollView (1.82):
    - SDWebImage (>= 5.0.0)
  - SDWebImage (5.12.5):
    - SDWebImage/Core (= 5.12.5)
  - SDWebImage/Core (5.12.5)
  - SocketRocket (0.6.0)
  - SQLiteRepairKit (1.2.2):
    - WCDBOptimizedSQLCipher (~> 1.2.0)
  - SSZipArchive (2.2.3)
  - SVProgressHUD (2.2.5)
  - WCDB (1.0.7.5):
    - SQLiteRepairKit (~> 1.2.0)
    - WCDBOptimizedSQLCipher (~> 1.2.0)
  - WCDBOptimizedSQLCipher (1.2.1)
  - YCBase (0.1.14):
    - Masonry
  - YCEasyTool (0.2.33):
    - YCEasyTool/CollectionTools (= 0.2.33)
    - YCEasyTool/EventNotifier (= 0.2.33)
    - YCEasyTool/Forever (= 0.2.33)
    - YCEasyTool/Polling (= 0.2.33)
    - YCEasyTool/Property (= 0.2.33)
    - YCEasyTool/UI (= 0.2.33)
  - YCEasyTool/CollectionTools (0.2.33)
  - YCEasyTool/EventNotifier (0.2.33):
    - YCEasyTool/Property
  - YCEasyTool/Forever (0.2.33):
    - YCEasyTool/Property
  - YCEasyTool/Polling (0.2.33)
  - YCEasyTool/Property (0.2.33)
  - YCEasyTool/UI (0.2.33):
    - YCEasyTool/UI/CollectionView (= 0.2.33)
    - YCEasyTool/UI/Grid (= 0.2.33)
    - YCEasyTool/UI/PopMenu (= 0.2.33)
    - YCEasyTool/UI/Segment (= 0.2.33)
    - YCEasyTool/UI/TabBarController (= 0.2.33)
    - YCEasyTool/UI/TreeMenu (= 0.2.33)
  - YCEasyTool/UI/CollectionView (0.2.33)
  - YCEasyTool/UI/Grid (0.2.33):
    - YCEasyTool/CollectionTools
    - YCEasyTool/UI/CollectionView
  - YCEasyTool/UI/PopMenu (0.2.33)
  - YCEasyTool/UI/Segment (0.2.33)
  - YCEasyTool/UI/TabBarController (0.2.33)
  - YCEasyTool/UI/TreeMenu (0.2.33)
  - YYCache (1.0.4)
  - YYModel (1.0.4)

DEPENDENCIES:
  - AFNetworking (~> 4.0)
  - CocoaLumberjack
  - FileMD5Hash
  - FLAnimatedImage (~> 1.0)
  - GCDWebServer (~> 3.0)
  - GKPhotoBrowser (= 2.4.1)
  - IQKeyboardManager
  - ISO8601 (~> 0.6)
  - JSONModel (~> 1.2)
  - lottie-ios
  - Masonry
  - MJExtension (~> 3.0.13)
  - OpenSSL-Universal (= 1.1.1500)
  - Reachability (~> 3.2)
  - SAMKeychain
  - SDCycleScrollView (>= 1.82)
  - SDWebImage (= 5.12.5)
  - SocketRocket
  - SSZipArchive (= 2.2.3)
  - SVProgressHUD
  - WCDB
  - YCBase
  - YCEasyTool
  - YYCache
  - YYModel

SPEC REPOS:
  https://github.com/CocoaPods/Specs.git:
    - AFNetworking
    - CocoaLumberjack
    - FileMD5Hash
    - FLAnimatedImage
    - GCDWebServer
    - GKPhotoBrowser
    - IQKeyboardManager
    - ISO8601
    - JSONModel
    - lottie-ios
    - Masonry
    - MJExtension
    - OpenSSL-Universal
    - Reachability
    - SAMKeychain
    - SDCycleScrollView
    - SDWebImage
    - SocketRocket
    - SQLiteRepairKit
    - SSZipArchive
    - SVProgressHUD
    - WCDB
    - WCDBOptimizedSQLCipher
    - YCBase
    - YCEasyTool
    - YYCache
    - YYModel

SPEC CHECKSUMS:
  AFNetworking: 3bd23d814e976cd148d7d44c3ab78017b744cd58
  CocoaLumberjack: 543c79c114dadc3b1aba95641d8738b06b05b646
  FileMD5Hash: 3ed69cc19a21ff4d30ae8833fc104275ad2c7de0
  FLAnimatedImage: 8f3e854ebf9680b71f0b6e700939687fc4d82b4b
  GCDWebServer: 2c156a56c8226e2d5c0c3f208a3621ccffbe3ce4
  GKPhotoBrowser: 30f0b2dc3ae96e079169f2e0c1323362b65623c9
  IQKeyboardManager: 45a1fa55c1a5b02c61ac0fd7fd5b62bb4ad20d97
  ISO8601: d3ea3ba9b752820cf92c6b47a9ee327e9f0e13fc
  JSONModel: 02ab723958366a3fd27da57ea2af2113658762e9
  lottie-ios: a50d5c0160425cd4b01b852bb9578963e6d92d31
  Masonry: 678fab65091a9290e40e2832a55e7ab731aad201
  MJExtension: 74ec83124a68891619fb7ba9c5c811bbf1691076
  OpenSSL-Universal: 5d1de8d199ea9684d7ee48a8caa38d5dbfee1981
  Reachability: 33e18b67625424e47b6cde6d202dce689ad7af96
  SAMKeychain: 483e1c9f32984d50ca961e26818a534283b4cd5c
  SDCycleScrollView: a0d74c3384caa72bdfc81470bdbc8c14b3e1fbcf
  SDWebImage: 0905f1b7760fc8ac4198cae0036600d67478751e
  SocketRocket: fccef3f9c5cedea1353a9ef6ada904fde10d6608
  SQLiteRepairKit: 35aaae5a8838adb85f5b1eb4d796055be6060a4b
  SSZipArchive: 62d4947b08730e4cda640473b0066d209ff033c9
  SVProgressHUD: 1428aafac632c1f86f62aa4243ec12008d7a51d6
  WCDB: 8e90babdeb7784c569353a4bd22a66c0a175a882
  WCDBOptimizedSQLCipher: baf44493b0c7a3d49e97bc5b64a3856f6428ddd1
  YCBase: 1dbb6e142e55007e1c50ddf2abe22463fbf75ef9
  YCEasyTool: 8f96645824cab4fc0037687784934e8a8efd6752
  YYCache: 8105b6638f5e849296c71f331ff83891a4942952
  YYModel: 2a7fdd96aaa4b86a824e26d0c517de8928c04b30

PODFILE CHECKSUM: 1db742fa180bcb89514967e964ae6005b439ce37

COCOAPODS: 1.11.3
